// !$*UTF8*$!
{
	archiveVersion = 1;
	classes = {
	};
	objectVersion = 55;
	objects = {

/* Begin PBXBuildFile section */
		4609B3C4275A6446004A51F4 /* ALLViewController.swift in Sources */ = {isa = PBXBuildFile; fileRef = 4609B3C3275A6445004A51F4 /* ALLViewController.swift */; };
		461E54D9275A82F900E7693D /* StreemingViewController.swift in Sources */ = {isa = PBXBuildFile; fileRef = 461E54D8275A82F900E7693D /* StreemingViewController.swift */; };
		461E54DB275AA48E00E7693D /* SoundPlayerViewController.swift in Sources */ = {isa = PBXBuildFile; fileRef = 461E54DA275AA48E00E7693D /* SoundPlayerViewController.swift */; };
		461E54E3275AA6BC00E7693D /* next.png in Resources */ = {isa = PBXBuildFile; fileRef = 461E54DC275AA6BB00E7693D /* next.png */; };
		461E54E4275AA6BC00E7693D /* pause.png in Resources */ = {isa = PBXBuildFile; fileRef = 461E54DD275AA6BB00E7693D /* pause.png */; };
		461E54E5275AA6BC00E7693D /* BG.png in Resources */ = {isa = PBXBuildFile; fileRef = 461E54DE275AA6BB00E7693D /* BG.png */; };
		461E54E6275AA6BC00E7693D /* prev.png in Resources */ = {isa = PBXBuildFile; fileRef = 461E54DF275AA6BC00E7693D /* prev.png */; };
		461E54E7275AA6BC00E7693D /* sora.jpeg in Resources */ = {isa = PBXBuildFile; fileRef = 461E54E0275AA6BC00E7693D /* sora.jpeg */; };
		461E54E8275AA6BC00E7693D /* back.png in Resources */ = {isa = PBXBuildFile; fileRef = 461E54E1275AA6BC00E7693D /* back.png */; };
		461E54E9275AA6BC00E7693D /* play.png in Resources */ = {isa = PBXBuildFile; fileRef = 461E54E2275AA6BC00E7693D /* play.png */; };
		4633762A2758CC60009EC92B /* Alamofire in Frameworks */ = {isa = PBXBuildFile; productRef = 463376292758CC60009EC92B /* Alamofire */; };
		46AE4E4C27580D46003799C4 /* AppDelegate.swift in Sources */ = {isa = PBXBuildFile; fileRef = 46AE4E4B27580D46003799C4 /* AppDelegate.swift */; };
		46AE4E4E27580D46003799C4 /* SceneDelegate.swift in Sources */ = {isa = PBXBuildFile; fileRef = 46AE4E4D27580D46003799C4 /* SceneDelegate.swift */; };
		46AE4E5027580D46003799C4 /* ViewController.swift in Sources */ = {isa = PBXBuildFile; fileRef = 46AE4E4F27580D46003799C4 /* ViewController.swift */; };
		46AE4E5327580D46003799C4 /* Main.storyboard in Resources */ = {isa = PBXBuildFile; fileRef = 46AE4E5127580D46003799C4 /* Main.storyboard */; };
		46AE4E5627580D46003799C4 /* TuwaiqQuran.xcdatamodeld in Sources */ = {isa = PBXBuildFile; fileRef = 46AE4E5427580D46003799C4 /* TuwaiqQuran.xcdatamodeld */; };
		46AE4E5827580D4C003799C4 /* Assets.xcassets in Resources */ = {isa = PBXBuildFile; fileRef = 46AE4E5727580D4C003799C4 /* Assets.xcassets */; };
		46AE4E5B27580D4C003799C4 /* LaunchScreen.storyboard in Resources */ = {isa = PBXBuildFile; fileRef = 46AE4E5927580D4C003799C4 /* LaunchScreen.storyboard */; };
		46AE4E6327581293003799C4 /* PlayerVC.swift in Sources */ = {isa = PBXBuildFile; fileRef = 46AE4E6227581293003799C4 /* PlayerVC.swift */; };
/* End PBXBuildFile section */

/* Begin PBXFileReference section */
		4609B3C3275A6445004A51F4 /* ALLViewController.swift */ = {isa = PBXFileReference; lastKnownFileType = sourcecode.swift; path = ALLViewController.swift; sourceTree = "<group>"; };
		461E54D8275A82F900E7693D /* StreemingViewController.swift */ = {isa = PBXFileReference; lastKnownFileType = sourcecode.swift; path = StreemingViewController.swift; sourceTree = "<group>"; };
		461E54DA275AA48E00E7693D /* SoundPlayerViewController.swift */ = {isa = PBXFileReference; lastKnownFileType = sourcecode.swift; path = SoundPlayerViewController.swift; sourceTree = "<group>"; };
		461E54DC275AA6BB00E7693D /* next.png */ = {isa = PBXFileReference; lastKnownFileType = image.png; name = next.png; path = "../../../Downloads/QuraanPlayer-master/QuraanPlayer/next.png"; sourceTree = "<group>"; };
		461E54DD275AA6BB00E7693D /* pause.png */ = {isa = PBXFileReference; lastKnownFileType = image.png; name = pause.png; path = "../../../Downloads/QuraanPlayer-master/QuraanPlayer/pause.png"; sourceTree = "<group>"; };
		461E54DE275AA6BB00E7693D /* BG.png */ = {isa = PBXFileReference; lastKnownFileType = image.png; name = BG.png; path = "../../../Downloads/QuraanPlayer-master/QuraanPlayer/BG.png"; sourceTree = "<group>"; };
		461E54DF275AA6BC00E7693D /* prev.png */ = {isa = PBXFileReference; lastKnownFileType = image.png; name = prev.png; path = "../../../Downloads/QuraanPlayer-master/QuraanPlayer/prev.png"; sourceTree = "<group>"; };
		461E54E0275AA6BC00E7693D /* sora.jpeg */ = {isa = PBXFileReference; lastKnownFileType = image.jpeg; name = sora.jpeg; path = "../../../Downloads/QuraanPlayer-master/QuraanPlayer/sora.jpeg"; sourceTree = "<group>"; };
		461E54E1275AA6BC00E7693D /* back.png */ = {isa = PBXFileReference; lastKnownFileType = image.png; name = back.png; path = "../../../Downloads/QuraanPlayer-master/QuraanPlayer/back.png"; sourceTree = "<group>"; };
		461E54E2275AA6BC00E7693D /* play.png */ = {isa = PBXFileReference; lastKnownFileType = image.png; name = play.png; path = "../../../Downloads/QuraanPlayer-master/QuraanPlayer/play.png"; sourceTree = "<group>"; };
		46AE4E4827580D46003799C4 /* TuwaiqQuran.app */ = {isa = PBXFileReference; explicitFileType = wrapper.application; includeInIndex = 0; path = TuwaiqQuran.app; sourceTree = BUILT_PRODUCTS_DIR; };
		46AE4E4B27580D46003799C4 /* AppDelegate.swift */ = {isa = PBXFileReference; lastKnownFileType = sourcecode.swift; path = AppDelegate.swift; sourceTree = "<group>"; };
		46AE4E4D27580D46003799C4 /* SceneDelegate.swift */ = {isa = PBXFileReference; lastKnownFileType = sourcecode.swift; path = SceneDelegate.swift; sourceTree = "<group>"; };
		46AE4E4F27580D46003799C4 /* ViewController.swift */ = {isa = PBXFileReference; lastKnownFileType = sourcecode.swift; path = ViewController.swift; sourceTree = "<group>"; };
		46AE4E5227580D46003799C4 /* Base */ = {isa = PBXFileReference; lastKnownFileType = file.storyboard; name = Base; path = Base.lproj/Main.storyboard; sourceTree = "<group>"; };
		46AE4E5527580D46003799C4 /* TuwaiqQuran.xcdatamodel */ = {isa = PBXFileReference; lastKnownFileType = wrapper.xcdatamodel; path = TuwaiqQuran.xcdatamodel; sourceTree = "<group>"; };
		46AE4E5727580D4C003799C4 /* Assets.xcassets */ = {isa = PBXFileReference; lastKnownFileType = folder.assetcatalog; path = Assets.xcassets; sourceTree = "<group>"; };
		46AE4E5A27580D4C003799C4 /* Base */ = {isa = PBXFileReference; lastKnownFileType = file.storyboard; name = Base; path = Base.lproj/LaunchScreen.storyboard; sourceTree = "<group>"; };
		46AE4E5C27580D4C003799C4 /* Info.plist */ = {isa = PBXFileReference; lastKnownFileType = text.plist.xml; path = Info.plist; sourceTree = "<group>"; };
		46AE4E6227581293003799C4 /* PlayerVC.swift */ = {isa = PBXFileReference; lastKnownFileType = sourcecode.swift; path = PlayerVC.swift; sourceTree = "<group>"; };
/* End PBXFileReference section */

/* Begin PBXFrameworksBuildPhase section */
		46AE4E4527580D46003799C4 /* Frameworks */ = {
			isa = PBXFrameworksBuildPhase;
			buildActionMask = 2147483647;
			files = (
				4633762A2758CC60009EC92B /* Alamofire in Frameworks */,
			);
			runOnlyForDeploymentPostprocessing = 0;
		};
/* End PBXFrameworksBuildPhase section */

/* Begin PBXGroup section */
		46AE4E3F27580D45003799C4 = {
			isa = PBXGroup;
			children = (
				46AE4E4A27580D46003799C4 /* TuwaiqQuran */,
				46AE4E4927580D46003799C4 /* Products */,
			);
			sourceTree = "<group>";
		};
		46AE4E4927580D46003799C4 /* Products */ = {
			isa = PBXGroup;
			children = (
				46AE4E4827580D46003799C4 /* TuwaiqQuran.app */,
			);
			name = Products;
			sourceTree = "<group>";
		};
		46AE4E4A27580D46003799C4 /* TuwaiqQuran */ = {
			isa = PBXGroup;
			children = (
				46AE4E4B27580D46003799C4 /* AppDelegate.swift */,
				46AE4E4D27580D46003799C4 /* SceneDelegate.swift */,
				46AE4E4F27580D46003799C4 /* ViewController.swift */,
				4609B3C3275A6445004A51F4 /* ALLViewController.swift */,
				461E54D8275A82F900E7693D /* StreemingViewController.swift */,
				46AE4E6227581293003799C4 /* PlayerVC.swift */,
				461E54DA275AA48E00E7693D /* SoundPlayerViewController.swift */,
				46AE4E5127580D46003799C4 /* Main.storyboard */,
				46AE4E5727580D4C003799C4 /* Assets.xcassets */,
				46AE4E5927580D4C003799C4 /* LaunchScreen.storyboard */,
				46AE4E5C27580D4C003799C4 /* Info.plist */,
				461E54E1275AA6BC00E7693D /* back.png */,
				461E54DE275AA6BB00E7693D /* BG.png */,
				461E54DC275AA6BB00E7693D /* next.png */,
				461E54DD275AA6BB00E7693D /* pause.png */,
				461E54E2275AA6BC00E7693D /* play.png */,
				461E54DF275AA6BC00E7693D /* prev.png */,
				461E54E0275AA6BC00E7693D /* sora.jpeg */,
				46AE4E5427580D46003799C4 /* TuwaiqQuran.xcdatamodeld */,
			);
			path = TuwaiqQuran;
			sourceTree = "<group>";
		};
/* End PBXGroup section */

/* Begin PBXNativeTarget section */
		46AE4E4727580D46003799C4 /* TuwaiqQuran */ = {
			isa = PBXNativeTarget;
			buildConfigurationList = 46AE4E5F27580D4C003799C4 /* Build configuration list for PBXNativeTarget "TuwaiqQuran" */;
			buildPhases = (
				46AE4E4427580D46003799C4 /* Sources */,
				46AE4E4527580D46003799C4 /* Frameworks */,
				46AE4E4627580D46003799C4 /* Resources */,
			);
			buildRules = (
			);
			dependencies = (
			);
			name = TuwaiqQuran;
			packageProductDependencies = (
				463376292758CC60009EC92B /* Alamofire */,
			);
			productName = TuwaiqQuran;
			productReference = 46AE4E4827580D46003799C4 /* TuwaiqQuran.app */;
			productType = "com.apple.product-type.application";
		};
/* End PBXNativeTarget section */

/* Begin PBXProject section */
		46AE4E4027580D45003799C4 /* Project object */ = {
			isa = PBXProject;
			attributes = {
				BuildIndependentTargetsInParallel = 1;
				LastSwiftUpdateCheck = 1310;
				LastUpgradeCheck = 1310;
				TargetAttributes = {
					46AE4E4727580D46003799C4 = {
						CreatedOnToolsVersion = 13.1;
					};
				};
			};
			buildConfigurationList = 46AE4E4327580D45003799C4 /* Build configuration list for PBXProject "TuwaiqQuran" */;
			compatibilityVersion = "Xcode 13.0";
			developmentRegion = en;
			hasScannedForEncodings = 0;
			knownRegions = (
				en,
				Base,
			);
			mainGroup = 46AE4E3F27580D45003799C4;
			packageReferences = (
				463376282758CC60009EC92B /* XCRemoteSwiftPackageReference "Alamofire" */,
			);
			productRefGroup = 46AE4E4927580D46003799C4 /* Products */;
			projectDirPath = "";
			projectRoot = "";
			targets = (
				46AE4E4727580D46003799C4 /* TuwaiqQuran */,
			);
		};
/* End PBXProject section */

/* Begin PBXResourcesBuildPhase section */
		46AE4E4627580D46003799C4 /* Resources */ = {
			isa = PBXResourcesBuildPhase;
			buildActionMask = 2147483647;
			files = (
				46AE4E5B27580D4C003799C4 /* LaunchScreen.storyboard in Resources */,
				461E54E9275AA6BC00E7693D /* play.png in Resources */,
				46AE4E5827580D4C003799C4 /* Assets.xcassets in Resources */,
				461E54E8275AA6BC00E7693D /* back.png in Resources */,
				461E54E7275AA6BC00E7693D /* sora.jpeg in Resources */,
				461E54E5275AA6BC00E7693D /* BG.png in Resources */,
				461E54E6275AA6BC00E7693D /* prev.png in Resources */,
				461E54E4275AA6BC00E7693D /* pause.png in Resources */,
				461E54E3275AA6BC00E7693D /* next.png in Resources */,
				46AE4E5327580D46003799C4 /* Main.storyboard in Resources */,
			);
			runOnlyForDeploymentPostprocessing = 0;
		};
/* End PBXResourcesBuildPhase section */

/* Begin PBXSourcesBuildPhase section */
		46AE4E4427580D46003799C4 /* Sources */ = {
			isa = PBXSourcesBuildPhase;
			buildActionMask = 2147483647;
			files = (
				46AE4E5027580D46003799C4 /* ViewController.swift in Sources */,
				46AE4E6327581293003799C4 /* PlayerVC.swift in Sources */,
				46AE4E4C27580D46003799C4 /* AppDelegate.swift in Sources */,
				461E54D9275A82F900E7693D /* StreemingViewController.swift in Sources */,
				46AE4E5627580D46003799C4 /* TuwaiqQuran.xcdatamodeld in Sources */,
				4609B3C4275A6446004A51F4 /* ALLViewController.swift in Sources */,
				46AE4E4E27580D46003799C4 /* SceneDelegate.swift in Sources */,
				461E54DB275AA48E00E7693D /* SoundPlayerViewController.swift in Sources */,
			);
			runOnlyForDeploymentPostprocessing = 0;
		};
/* End PBXSourcesBuildPhase section */

/* Begin PBXVariantGroup section */
		46AE4E5127580D46003799C4 /* Main.storyboard */ = {
			isa = PBXVariantGroup;
			children = (
				46AE4E5227580D46003799C4 /* Base */,
			);
			name = Main.storyboard;
			sourceTree = "<group>";
		};
		46AE4E5927580D4C003799C4 /* LaunchScreen.storyboard */ = {
			isa = PBXVariantGroup;
			children = (
				46AE4E5A27580D4C003799C4 /* Base */,
			);
			name = LaunchScreen.storyboard;
			sourceTree = "<group>";
		};
/* End PBXVariantGroup section */

/* Begin XCBuildConfiguration section */
		46AE4E5D27580D4C003799C4 /* Debug */ = {
			isa = XCBuildConfiguration;
			buildSettings = {
				ALWAYS_SEARCH_USER_PATHS = NO;
				CLANG_ANALYZER_NONNULL = YES;
				CLANG_ANALYZER_NUMBER_OBJECT_CONVERSION = YES_AGGRESSIVE;
				CLANG_CXX_LANGUAGE_STANDARD = "gnu++17";
				CLANG_CXX_LIBRARY = "libc++";
				CLANG_ENABLE_MODULES = YES;
				CLANG_ENABLE_OBJC_ARC = YES;
				CLANG_ENABLE_OBJC_WEAK = YES;
				CLANG_WARN_BLOCK_CAPTURE_AUTORELEASING = YES;
				CLANG_WARN_BOOL_CONVERSION = YES;
				CLANG_WARN_COMMA = YES;
				CLANG_WARN_CONSTANT_CONVERSION = YES;
				CLANG_WARN_DEPRECATED_OBJC_IMPLEMENTATIONS = YES;
				CLANG_WARN_DIRECT_OBJC_ISA_USAGE = YES_ERROR;
				CLANG_WARN_DOCUMENTATION_COMMENTS = YES;
				CLANG_WARN_EMPTY_BODY = YES;
				CLANG_WARN_ENUM_CONVERSION = YES;
				CLANG_WARN_INFINITE_RECURSION = YES;
				CLANG_WARN_INT_CONVERSION = YES;
				CLANG_WARN_NON_LITERAL_NULL_CONVERSION = YES;
				CLANG_WARN_OBJC_IMPLICIT_RETAIN_SELF = YES;
				CLANG_WARN_OBJC_LITERAL_CONVERSION = YES;
				CLANG_WARN_OBJC_ROOT_CLASS = YES_ERROR;
				CLANG_WARN_QUOTED_INCLUDE_IN_FRAMEWORK_HEADER = YES;
				CLANG_WARN_RANGE_LOOP_ANALYSIS = YES;
				CLANG_WARN_STRICT_PROTOTYPES = YES;
				CLANG_WARN_SUSPICIOUS_MOVE = YES;
				CLANG_WARN_UNGUARDED_AVAILABILITY = YES_AGGRESSIVE;
				CLANG_WARN_UNREACHABLE_CODE = YES;
				CLANG_WARN__DUPLICATE_METHOD_MATCH = YES;
				COPY_PHASE_STRIP = NO;
				DEBUG_INFORMATION_FORMAT = dwarf;
				ENABLE_STRICT_OBJC_MSGSEND = YES;
				ENABLE_TESTABILITY = YES;
				GCC_C_LANGUAGE_STANDARD = gnu11;
				GCC_DYNAMIC_NO_PIC = NO;
				GCC_NO_COMMON_BLOCKS = YES;
				GCC_OPTIMIZATION_LEVEL = 0;
				GCC_PREPROCESSOR_DEFINITIONS = (
					"DEBUG=1",
					"$(inherited)",
				);
				GCC_WARN_64_TO_32_BIT_CONVERSION = YES;
				GCC_WARN_ABOUT_RETURN_TYPE = YES_ERROR;
				GCC_WARN_UNDECLARED_SELECTOR = YES;
				GCC_WARN_UNINITIALIZED_AUTOS = YES_AGGRESSIVE;
				GCC_WARN_UNUSED_FUNCTION = YES;
				GCC_WARN_UNUSED_VARIABLE = YES;
				IPHONEOS_DEPLOYMENT_TARGET = 15.0;
				MTL_ENABLE_DEBUG_INFO = INCLUDE_SOURCE;
				MTL_FAST_MATH = YES;
				ONLY_ACTIVE_ARCH = YES;
				SDKROOT = iphoneos;
				SWIFT_ACTIVE_COMPILATION_CONDITIONS = DEBUG;
				SWIFT_OPTIMIZATION_LEVEL = "-Onone";
			};
			name = Debug;
		};
		46AE4E5E27580D4C003799C4 /* Release */ = {
			isa = XCBuildConfiguration;
			buildSettings = {
				ALWAYS_SEARCH_USER_PATHS = NO;
				CLANG_ANALYZER_NONNULL = YES;
				CLANG_ANALYZER_NUMBER_OBJECT_CONVERSION = YES_AGGRESSIVE;
				CLANG_CXX_LANGUAGE_STANDARD = "gnu++17";
				CLANG_CXX_LIBRARY = "libc++";
				CLANG_ENABLE_MODULES = YES;
				CLANG_ENABLE_OBJC_ARC = YES;
				CLANG_ENABLE_OBJC_WEAK = YES;
				CLANG_WARN_BLOCK_CAPTURE_AUTORELEASING = YES;
				CLANG_WARN_BOOL_CONVERSION = YES;
				CLANG_WARN_COMMA = YES;
				CLANG_WARN_CONSTANT_CONVERSION = YES;
				CLANG_WARN_DEPRECATED_OBJC_IMPLEMENTATIONS = YES;
				CLANG_WARN_DIRECT_OBJC_ISA_USAGE = YES_ERROR;
				CLANG_WARN_DOCUMENTATION_COMMENTS = YES;
				CLANG_WARN_EMPTY_BODY = YES;
				CLANG_WARN_ENUM_CONVERSION = YES;
				CLANG_WARN_INFINITE_RECURSION = YES;
				CLANG_WARN_INT_CONVERSION = YES;
				CLANG_WARN_NON_LITERAL_NULL_CONVERSION = YES;
				CLANG_WARN_OBJC_IMPLICIT_RETAIN_SELF = YES;
				CLANG_WARN_OBJC_LITERAL_CONVERSION = YES;
				CLANG_WARN_OBJC_ROOT_CLASS = YES_ERROR;
				CLANG_WARN_QUOTED_INCLUDE_IN_FRAMEWORK_HEADER = YES;
				CLANG_WARN_RANGE_LOOP_ANALYSIS = YES;
				CLANG_WARN_STRICT_PROTOTYPES = YES;
				CLANG_WARN_SUSPICIOUS_MOVE = YES;
				CLANG_WARN_UNGUARDED_AVAILABILITY = YES_AGGRESSIVE;
				CLANG_WARN_UNREACHABLE_CODE = YES;
				CLANG_WARN__DUPLICATE_METHOD_MATCH = YES;
				COPY_PHASE_STRIP = NO;
				DEBUG_INFORMATION_FORMAT = "dwarf-with-dsym";
				ENABLE_NS_ASSERTIONS = NO;
				ENABLE_STRICT_OBJC_MSGSEND = YES;
				GCC_C_LANGUAGE_STANDARD = gnu11;
				GCC_NO_COMMON_BLOCKS = YES;
				GCC_WARN_64_TO_32_BIT_CONVERSION = YES;
				GCC_WARN_ABOUT_RETURN_TYPE = YES_ERROR;
				GCC_WARN_UNDECLARED_SELECTOR = YES;
				GCC_WARN_UNINITIALIZED_AUTOS = YES_AGGRESSIVE;
				GCC_WARN_UNUSED_FUNCTION = YES;
				GCC_WARN_UNUSED_VARIABLE = YES;
				IPHONEOS_DEPLOYMENT_TARGET = 15.0;
				MTL_ENABLE_DEBUG_INFO = NO;
				MTL_FAST_MATH = YES;
				SDKROOT = iphoneos;
				SWIFT_COMPILATION_MODE = wholemodule;
				SWIFT_OPTIMIZATION_LEVEL = "-O";
				VALIDATE_PRODUCT = YES;
			};
			name = Release;
		};
		46AE4E6027580D4C003799C4 /* Debug */ = {
			isa = XCBuildConfiguration;
			buildSettings = {
				ASSETCATALOG_COMPILER_APPICON_NAME = AppIcon;
				ASSETCATALOG_COMPILER_GLOBAL_ACCENT_COLOR_NAME = AccentColor;
				CODE_SIGN_STYLE = Automatic;
				CURRENT_PROJECT_VERSION = 1;
				DEVELOPMENT_TEAM = 98289WPUBA;
				GENERATE_INFOPLIST_FILE = YES;
				INFOPLIST_FILE = TuwaiqQuran/Info.plist;
				INFOPLIST_KEY_UIApplicationSupportsIndirectInputEvents = YES;
				INFOPLIST_KEY_UILaunchStoryboardName = LaunchScreen;
				INFOPLIST_KEY_UIMainStoryboardFile = Main;
				INFOPLIST_KEY_UISupportedInterfaceOrientations_iPad = "UIInterfaceOrientationPortrait UIInterfaceOrientationPortraitUpsideDown UIInterfaceOrientationLandscapeLeft UIInterfaceOrientationLandscapeRight";
				INFOPLIST_KEY_UISupportedInterfaceOrientations_iPhone = "UIInterfaceOrientationPortrait UIInterfaceOrientationLandscapeLeft UIInterfaceOrientationLandscapeRight";
				LD_RUNPATH_SEARCH_PATHS = (
					"$(inherited)",
					"@executable_path/Frameworks",
				);
				MARKETING_VERSION = 1.0;
				PRODUCT_BUNDLE_IDENTIFIER = Bdran.TuwaiqQuran;
				PRODUCT_NAME = "$(TARGET_NAME)";
				SWIFT_EMIT_LOC_STRINGS = YES;
				SWIFT_VERSION = 5.0;
				TARGETED_DEVICE_FAMILY = "1,2";
			};
			name = Debug;
		};
		46AE4E6127580D4C003799C4 /* Release */ = {
			isa = XCBuildConfiguration;
			buildSettings = {
				ASSETCATALOG_COMPILER_APPICON_NAME = AppIcon;
				ASSETCATALOG_COMPILER_GLOBAL_ACCENT_COLOR_NAME = AccentColor;
				CODE_SIGN_STYLE = Automatic;
				CURRENT_PROJECT_VERSION = 1;
				DEVELOPMENT_TEAM = 98289WPUBA;
				GENERATE_INFOPLIST_FILE = YES;
				INFOPLIST_FILE = TuwaiqQuran/Info.plist;
				INFOPLIST_KEY_UIApplicationSupportsIndirectInputEvents = YES;
				INFOPLIST_KEY_UILaunchStoryboardName = LaunchScreen;
				INFOPLIST_KEY_UIMainStoryboardFile = Main;
				INFOPLIST_KEY_UISupportedInterfaceOrientations_iPad = "UIInterfaceOrientationPortrait UIInterfaceOrientationPortraitUpsideDown UIInterfaceOrientationLandscapeLeft UIInterfaceOrientationLandscapeRight";
				INFOPLIST_KEY_UISupportedInterfaceOrientations_iPhone = "UIInterfaceOrientationPortrait UIInterfaceOrientationLandscapeLeft UIInterfaceOrientationLandscapeRight";
				LD_RUNPATH_SEARCH_PATHS = (
					"$(inherited)",
					"@executable_path/Frameworks",
				);
				MARKETING_VERSION = 1.0;
				PRODUCT_BUNDLE_IDENTIFIER = Bdran.TuwaiqQuran;
				PRODUCT_NAME = "$(TARGET_NAME)";
				SWIFT_EMIT_LOC_STRINGS = YES;
				SWIFT_VERSION = 5.0;
				TARGETED_DEVICE_FAMILY = "1,2";
			};
			name = Release;
		};
/* End XCBuildConfiguration section */

/* Begin XCConfigurationList section */
		46AE4E4327580D45003799C4 /* Build configuration list for PBXProject "TuwaiqQuran" */ = {
			isa = XCConfigurationList;
			buildConfigurations = (
				46AE4E5D27580D4C003799C4 /* Debug */,
				46AE4E5E27580D4C003799C4 /* Release */,
			);
			defaultConfigurationIsVisible = 0;
			defaultConfigurationName = Release;
		};
		46AE4E5F27580D4C003799C4 /* Build configuration list for PBXNativeTarget "TuwaiqQuran" */ = {
			isa = XCConfigurationList;
			buildConfigurations = (
				46AE4E6027580D4C003799C4 /* Debug */,
				46AE4E6127580D4C003799C4 /* Release */,
			);
			defaultConfigurationIsVisible = 0;
			defaultConfigurationName = Release;
		};
/* End XCConfigurationList section */

/* Begin XCRemoteSwiftPackageReference section */
		463376282758CC60009EC92B /* XCRemoteSwiftPackageReference "Alamofire" */ = {
			isa = XCRemoteSwiftPackageReference;
			repositoryURL = "https://github.com/Alamofire/Alamofire.git";
			requirement = {
				kind = upToNextMajorVersion;
				minimumVersion = 5.0.0;
			};
		};
/* End XCRemoteSwiftPackageReference section */

/* Begin XCSwiftPackageProductDependency section */
		463376292758CC60009EC92B /* Alamofire */ = {
			isa = XCSwiftPackageProductDependency;
			package = 463376282758CC60009EC92B /* XCRemoteSwiftPackageReference "Alamofire" */;
			productName = Alamofire;
		};
/* End XCSwiftPackageProductDependency section */

/* Begin XCVersionGroup section */
		46AE4E5427580D46003799C4 /* TuwaiqQuran.xcdatamodeld */ = {
			isa = XCVersionGroup;
			children = (
				46AE4E5527580D46003799C4 /* TuwaiqQuran.xcdatamodel */,
			);
			currentVersion = 46AE4E5527580D46003799C4 /* TuwaiqQuran.xcdatamodel */;
			path = TuwaiqQuran.xcdatamodeld;
			sourceTree = "<group>";
			versionGroupType = wrapper.xcdatamodel;
		};
/* End XCVersionGroup section */
	};
	rootObject = 46AE4E4027580D45003799C4 /* Project object */;
}
